{
  "name": "webpack",
  "version": "1.0.0",
  "lockfileVersion": 1,
  "requires": true,
  "dependencies": {
    "expose-loader": {
      "version": "0.7.4",
      "resolved": "https://registry.npmjs.org/expose-loader/-/expose-loader-0.7.4.tgz",
      "integrity": "sha512-lweINkewAXcQtNjd7j1gO3cd8O/8lNYijsEwH4YZ+Dv3gT2Kh9/YvJov5Mdp2A75QIhgOvsSyRa/ZG3wYjNZpA=="
    }
  }
}
